dependencies:
- name: common
  repository: https://hahow-helm-charts.storage.googleapis.com/
  version: 1.4.0
- name: mongodb
  repository: https://charts.bitnami.com/bitnami
  version: 13.6.7
digest: sha256:4678744663612b0396f484a205184276942fafa3f252ce8c01729629dd80061b
generated: "2023-02-16T09:59:58.2669872-05:00"
